
Microsoft Visual Studio Solution File, Format Version 12.00
# Visual Studio 2013
VisualStudioVersion = 12.0.31101.0
MinimumVisualStudioVersion = 10.0.40219.1
Project("{FAE04EC0-301F-11D3-BF4B-00C04F79EFBC}") = "WebViewPerformanceCounter.Core", "WebViewPerformanceCounter.Core\WebViewPerformanceCounter.Core.csproj", "{C88870D7-5453-4D1D-A09E-1BB790ECDF39}"
EndProject
Project("{FAE04EC0-301F-11D3-BF4B-00C04F79EFBC}") = "Web", "Web\Web.csproj", "{D787784D-58B6-4741-8F29-5385BB34E885}"
EndProject
Project("{2150E333-8FDC-42A3-9474-1A3956D46DE8}") = ".nuget", ".nuget", "{FE4C16B0-313A-4D75-910C-E9AE6B269BDE}"
	ProjectSection(SolutionItems) = preProject
		.nuget\NuGet.Config = .nuget\NuGet.Config
		.nuget\NuGet.exe = .nuget\NuGet.exe
		.nuget\NuGet.targets = .nuget\NuGet.targets
	EndProjectSection
EndProject
Project("{2150E333-8FDC-42A3-9474-1A3956D46DE8}") = "Documents", "Documents", "{053B05B9-B95D-436A-9B6A-C0E178BF4997}"
EndProject
Project("{2150E333-8FDC-42A3-9474-1A3956D46DE8}") = "Images", "Images", "{E4CFDB27-EEB8-4A82-B060-25A8E51BB665}"
	ProjectSection(SolutionItems) = preProject
		Documents\Images\sample1.png = Documents\Images\sample1.png
		Documents\Images\sample2.png = Documents\Images\sample2.png
		Documents\Images\sql1.png = Documents\Images\sql1.png
	EndProjectSection
EndProject
Global
	GlobalSection(SolutionConfigurationPlatforms) = preSolution
		Debug|Any CPU = Debug|Any CPU
		Release|Any CPU = Release|Any CPU
	EndGlobalSection
	GlobalSection(ProjectConfigurationPlatforms) = postSolution
		{C88870D7-5453-4D1D-A09E-1BB790ECDF39}.Debug|Any CPU.ActiveCfg = Debug|Any CPU
		{C88870D7-5453-4D1D-A09E-1BB790ECDF39}.Debug|Any CPU.Build.0 = Debug|Any CPU
		{C88870D7-5453-4D1D-A09E-1BB790ECDF39}.Release|Any CPU.ActiveCfg = Release|Any CPU
		{C88870D7-5453-4D1D-A09E-1BB790ECDF39}.Release|Any CPU.Build.0 = Release|Any CPU
		{D787784D-58B6-4741-8F29-5385BB34E885}.Debug|Any CPU.ActiveCfg = Debug|Any CPU
		{D787784D-58B6-4741-8F29-5385BB34E885}.Debug|Any CPU.Build.0 = Debug|Any CPU
		{D787784D-58B6-4741-8F29-5385BB34E885}.Release|Any CPU.ActiveCfg = Release|Any CPU
		{D787784D-58B6-4741-8F29-5385BB34E885}.Release|Any CPU.Build.0 = Release|Any CPU
	EndGlobalSection
	GlobalSection(SolutionProperties) = preSolution
		HideSolutionNode = FALSE
	EndGlobalSection
	GlobalSection(NestedProjects) = preSolution
		{E4CFDB27-EEB8-4A82-B060-25A8E51BB665} = {053B05B9-B95D-436A-9B6A-C0E178BF4997}
	EndGlobalSection
EndGlobal
